// !$*UTF8*$!
{
	archiveVersion = 1;
	classes = {
	};
	objectVersion = 55;
	objects = {

/* Begin PBXBuildFile section */
		12CE1B5DB85EC188A9686FD7 /* Pods_MovieApp_MovieAppUITests.framework in Frameworks */ = {isa = PBXBuildFile; fileRef = 2A0684ED64FC3926E346825B /* Pods_MovieApp_MovieAppUITests.framework */; };
		A10C09BB02C394786E291DAD /* Pods_MovieApp.framework in Frameworks */ = {isa = PBXBuildFile; fileRef = 26494C0FAA80090376994B4B /* Pods_MovieApp.framework */; };
		CF89818581ABCE75D5E4ABEB /* Pods_MovieAppTests.framework in Frameworks */ = {isa = PBXBuildFile; fileRef = 93AA7B4AF1B8476192F1CC6F /* Pods_MovieAppTests.framework */; };
		E51C92D0282C593C00D53A4E /* HomeStoryboard.storyboard in Resources */ = {isa = PBXBuildFile; fileRef = E51C92CF282C593C00D53A4E /* HomeStoryboard.storyboard */; };
		E51C92E0282C757400D53A4E /* MainViewController.swift in Sources */ = {isa = PBXBuildFile; fileRef = E51C92DF282C757400D53A4E /* MainViewController.swift */; };
		E51C92E8282C920C00D53A4E /* HomeView.storyboard in Resources */ = {isa = PBXBuildFile; fileRef = E51C92E7282C920C00D53A4E /* HomeView.storyboard */; };
		E51C92EA282C923F00D53A4E /* ProfileView.storyboard in Resources */ = {isa = PBXBuildFile; fileRef = E51C92E9282C923F00D53A4E /* ProfileView.storyboard */; };
		E51C92EC282C926C00D53A4E /* FavoritesView.storyboard in Resources */ = {isa = PBXBuildFile; fileRef = E51C92EB282C926C00D53A4E /* FavoritesView.storyboard */; };
		E51C92EE282C929200D53A4E /* MovieView.storyboard in Resources */ = {isa = PBXBuildFile; fileRef = E51C92ED282C929200D53A4E /* MovieView.storyboard */; };
		E51C92F0282CA66C00D53A4E /* ProfileViewController.swift in Sources */ = {isa = PBXBuildFile; fileRef = E51C92EF282CA66C00D53A4E /* ProfileViewController.swift */; };
		E544FD06282C3E78000971CD /* AppDelegate.swift in Sources */ = {isa = PBXBuildFile; fileRef = E544FD05282C3E78000971CD /* AppDelegate.swift */; };
		E544FD08282C3E78000971CD /* SceneDelegate.swift in Sources */ = {isa = PBXBuildFile; fileRef = E544FD07282C3E78000971CD /* SceneDelegate.swift */; };
		E544FD0D282C3E78000971CD /* Main.storyboard in Resources */ = {isa = PBXBuildFile; fileRef = E544FD0B282C3E78000971CD /* Main.storyboard */; };
		E544FD10282C3E78000971CD /* MovieApp.xcdatamodeld in Sources */ = {isa = PBXBuildFile; fileRef = E544FD0E282C3E78000971CD /* MovieApp.xcdatamodeld */; };
		E544FD12282C3E7A000971CD /* Assets.xcassets in Resources */ = {isa = PBXBuildFile; fileRef = E544FD11282C3E7A000971CD /* Assets.xcassets */; };
		E544FD15282C3E7A000971CD /* LaunchScreen.storyboard in Resources */ = {isa = PBXBuildFile; fileRef = E544FD13282C3E7A000971CD /* LaunchScreen.storyboard */; };
		E544FD20282C3E7A000971CD /* MovieAppTests.swift in Sources */ = {isa = PBXBuildFile; fileRef = E544FD1F282C3E7A000971CD /* MovieAppTests.swift */; };
		E544FD2A282C3E7A000971CD /* MovieAppUITests.swift in Sources */ = {isa = PBXBuildFile; fileRef = E544FD29282C3E7A000971CD /* MovieAppUITests.swift */; };
		E544FD2C282C3E7A000971CD /* MovieAppUITestsLaunchTests.swift in Sources */ = {isa = PBXBuildFile; fileRef = E544FD2B282C3E7A000971CD /* MovieAppUITestsLaunchTests.swift */; };
		E544FD39282C3EC5000971CD /* GoogleService-Info.plist in Resources */ = {isa = PBXBuildFile; fileRef = E544FD38282C3EC5000971CD /* GoogleService-Info.plist */; };
		E544FD3A282C3EC5000971CD /* GoogleService-Info.plist in Resources */ = {isa = PBXBuildFile; fileRef = E544FD38282C3EC5000971CD /* GoogleService-Info.plist */; };
		E544FD3B282C3EC5000971CD /* GoogleService-Info.plist in Resources */ = {isa = PBXBuildFile; fileRef = E544FD38282C3EC5000971CD /* GoogleService-Info.plist */; };
		E544FD3D282C4126000971CD /* LoginViewController.swift in Sources */ = {isa = PBXBuildFile; fileRef = E544FD3C282C4126000971CD /* LoginViewController.swift */; };
		E544FD3E282C4126000971CD /* LoginViewController.swift in Sources */ = {isa = PBXBuildFile; fileRef = E544FD3C282C4126000971CD /* LoginViewController.swift */; };
		E544FD3F282C4126000971CD /* LoginViewController.swift in Sources */ = {isa = PBXBuildFile; fileRef = E544FD3C282C4126000971CD /* LoginViewController.swift */; };
/* End PBXBuildFile section */

/* Begin PBXContainerItemProxy section */
		E544FD1C282C3E7A000971CD /* PBXContainerItemProxy */ = {
			isa = PBXContainerItemProxy;
			containerPortal = E544FCFA282C3E78000971CD /* Project object */;
			proxyType = 1;
			remoteGlobalIDString = E544FD01282C3E78000971CD;
			remoteInfo = MovieApp;
		};
		E544FD26282C3E7A000971CD /* PBXContainerItemProxy */ = {
			isa = PBXContainerItemProxy;
			containerPortal = E544FCFA282C3E78000971CD /* Project object */;
			proxyType = 1;
			remoteGlobalIDString = E544FD01282C3E78000971CD;
			remoteInfo = MovieApp;
		};
/* End PBXContainerItemProxy section */

/* Begin PBXFileReference section */
		07C8DDF7EAC077A4086C00CE /* Pods-MovieApp.release.xcconfig */ = {isa = PBXFileReference; includeInIndex = 1; lastKnownFileType = text.xcconfig; name = "Pods-MovieApp.release.xcconfig"; path = "Target Support Files/Pods-MovieApp/Pods-MovieApp.release.xcconfig"; sourceTree = "<group>"; };
		1BAFDD201791862C91179732 /* Pods-MovieApp-MovieAppUITests.release.xcconfig */ = {isa = PBXFileReference; includeInIndex = 1; lastKnownFileType = text.xcconfig; name = "Pods-MovieApp-MovieAppUITests.release.xcconfig"; path = "Target Support Files/Pods-MovieApp-MovieAppUITests/Pods-MovieApp-MovieAppUITests.release.xcconfig"; sourceTree = "<group>"; };
		26494C0FAA80090376994B4B /* Pods_MovieApp.framework */ = {isa = PBXFileReference; explicitFileType = wrapper.framework; includeInIndex = 0; path = Pods_MovieApp.framework; sourceTree = BUILT_PRODUCTS_DIR; };
		2A0684ED64FC3926E346825B /* Pods_MovieApp_MovieAppUITests.framework */ = {isa = PBXFileReference; explicitFileType = wrapper.framework; includeInIndex = 0; path = Pods_MovieApp_MovieAppUITests.framework; sourceTree = BUILT_PRODUCTS_DIR; };
		328A68DB711283F7DC0EE187 /* Pods-MovieApp.debug.xcconfig */ = {isa = PBXFileReference; includeInIndex = 1; lastKnownFileType = text.xcconfig; name = "Pods-MovieApp.debug.xcconfig"; path = "Target Support Files/Pods-MovieApp/Pods-MovieApp.debug.xcconfig"; sourceTree = "<group>"; };
		6D69AA03C5773F894F14F7D4 /* Pods-MovieAppTests.debug.xcconfig */ = {isa = PBXFileReference; includeInIndex = 1; lastKnownFileType = text.xcconfig; name = "Pods-MovieAppTests.debug.xcconfig"; path = "Target Support Files/Pods-MovieAppTests/Pods-MovieAppTests.debug.xcconfig"; sourceTree = "<group>"; };
		7D6A1DFEBB4CC302E75FA4B9 /* Pods-MovieAppTests.release.xcconfig */ = {isa = PBXFileReference; includeInIndex = 1; lastKnownFileType = text.xcconfig; name = "Pods-MovieAppTests.release.xcconfig"; path = "Target Support Files/Pods-MovieAppTests/Pods-MovieAppTests.release.xcconfig"; sourceTree = "<group>"; };
		93AA7B4AF1B8476192F1CC6F /* Pods_MovieAppTests.framework */ = {isa = PBXFileReference; explicitFileType = wrapper.framework; includeInIndex = 0; path = Pods_MovieAppTests.framework; sourceTree = BUILT_PRODUCTS_DIR; };
		9D8DEB89C3DD98213CCA6D6E /* Pods-MovieApp-MovieAppUITests.debug.xcconfig */ = {isa = PBXFileReference; includeInIndex = 1; lastKnownFileType = text.xcconfig; name = "Pods-MovieApp-MovieAppUITests.debug.xcconfig"; path = "Target Support Files/Pods-MovieApp-MovieAppUITests/Pods-MovieApp-MovieAppUITests.debug.xcconfig"; sourceTree = "<group>"; };
		E51C92CF282C593C00D53A4E /* HomeStoryboard.storyboard */ = {isa = PBXFileReference; lastKnownFileType = file.storyboard; path = HomeStoryboard.storyboard; sourceTree = "<group>"; };
		E51C92DF282C757400D53A4E /* MainViewController.swift */ = {isa = PBXFileReference; lastKnownFileType = sourcecode.swift; path = MainViewController.swift; sourceTree = "<group>"; };
		E51C92E7282C920C00D53A4E /* HomeView.storyboard */ = {isa = PBXFileReference; fileEncoding = 4; lastKnownFileType = file.storyboard; path = HomeView.storyboard; sourceTree = "<group>"; };
		E51C92E9282C923F00D53A4E /* ProfileView.storyboard */ = {isa = PBXFileReference; fileEncoding = 4; lastKnownFileType = file.storyboard; path = ProfileView.storyboard; sourceTree = "<group>"; };
		E51C92EB282C926C00D53A4E /* FavoritesView.storyboard */ = {isa = PBXFileReference; fileEncoding = 4; lastKnownFileType = file.storyboard; path = FavoritesView.storyboard; sourceTree = "<group>"; };
		E51C92ED282C929200D53A4E /* MovieView.storyboard */ = {isa = PBXFileReference; fileEncoding = 4; lastKnownFileType = file.storyboard; path = MovieView.storyboard; sourceTree = "<group>"; };
		E51C92EF282CA66C00D53A4E /* ProfileViewController.swift */ = {isa = PBXFileReference; lastKnownFileType = sourcecode.swift; path = ProfileViewController.swift; sourceTree = "<group>"; };
		E544FD02282C3E78000971CD /* MovieApp.app */ = {isa = PBXFileReference; explicitFileType = wrapper.application; includeInIndex = 0; path = MovieApp.app; sourceTree = BUILT_PRODUCTS_DIR; };
		E544FD05282C3E78000971CD /* AppDelegate.swift */ = {isa = PBXFileReference; lastKnownFileType = sourcecode.swift; path = AppDelegate.swift; sourceTree = "<group>"; };
		E544FD07282C3E78000971CD /* SceneDelegate.swift */ = {isa = PBXFileReference; lastKnownFileType = sourcecode.swift; path = SceneDelegate.swift; sourceTree = "<group>"; };
		E544FD0C282C3E78000971CD /* Base */ = {isa = PBXFileReference; lastKnownFileType = file.storyboard; name = Base; path = Base.lproj/Main.storyboard; sourceTree = "<group>"; };
		E544FD0F282C3E78000971CD /* MovieApp.xcdatamodel */ = {isa = PBXFileReference; lastKnownFileType = wrapper.xcdatamodel; path = MovieApp.xcdatamodel; sourceTree = "<group>"; };
		E544FD11282C3E7A000971CD /* Assets.xcassets */ = {isa = PBXFileReference; lastKnownFileType = folder.assetcatalog; path = Assets.xcassets; sourceTree = "<group>"; };
		E544FD14282C3E7A000971CD /* Base */ = {isa = PBXFileReference; lastKnownFileType = file.storyboard; name = Base; path = Base.lproj/LaunchScreen.storyboard; sourceTree = "<group>"; };
		E544FD16282C3E7A000971CD /* Info.plist */ = {isa = PBXFileReference; lastKnownFileType = text.plist.xml; path = Info.plist; sourceTree = "<group>"; };
		E544FD1B282C3E7A000971CD /* MovieAppTests.xctest */ = {isa = PBXFileReference; explicitFileType = wrapper.cfbundle; includeInIndex = 0; path = MovieAppTests.xctest; sourceTree = BUILT_PRODUCTS_DIR; };
		E544FD1F282C3E7A000971CD /* MovieAppTests.swift */ = {isa = PBXFileReference; lastKnownFileType = sourcecode.swift; path = MovieAppTests.swift; sourceTree = "<group>"; };
		E544FD25282C3E7A000971CD /* MovieAppUITests.xctest */ = {isa = PBXFileReference; explicitFileType = wrapper.cfbundle; includeInIndex = 0; path = MovieAppUITests.xctest; sourceTree = BUILT_PRODUCTS_DIR; };
		E544FD29282C3E7A000971CD /* MovieAppUITests.swift */ = {isa = PBXFileReference; lastKnownFileType = sourcecode.swift; path = MovieAppUITests.swift; sourceTree = "<group>"; };
		E544FD2B282C3E7A000971CD /* MovieAppUITestsLaunchTests.swift */ = {isa = PBXFileReference; lastKnownFileType = sourcecode.swift; path = MovieAppUITestsLaunchTests.swift; sourceTree = "<group>"; };
		E544FD38282C3EC5000971CD /* GoogleService-Info.plist */ = {isa = PBXFileReference; fileEncoding = 4; lastKnownFileType = text.plist.xml; path = "GoogleService-Info.plist"; sourceTree = "<group>"; };
		E544FD3C282C4126000971CD /* LoginViewController.swift */ = {isa = PBXFileReference; lastKnownFileType = sourcecode.swift; path = LoginViewController.swift; sourceTree = "<group>"; };
/* End PBXFileReference section */

/* Begin PBXFrameworksBuildPhase section */
		E544FCFF282C3E78000971CD /* Frameworks */ = {
			isa = PBXFrameworksBuildPhase;
			buildActionMask = 2147483647;
			files = (
				A10C09BB02C394786E291DAD /* Pods_MovieApp.framework in Frameworks */,
			);
			runOnlyForDeploymentPostprocessing = 0;
		};
		E544FD18282C3E7A000971CD /* Frameworks */ = {
			isa = PBXFrameworksBuildPhase;
			buildActionMask = 2147483647;
			files = (
				CF89818581ABCE75D5E4ABEB /* Pods_MovieAppTests.framework in Frameworks */,
			);
			runOnlyForDeploymentPostprocessing = 0;
		};
		E544FD22282C3E7A000971CD /* Frameworks */ = {
			isa = PBXFrameworksBuildPhase;
			buildActionMask = 2147483647;
			files = (
				12CE1B5DB85EC188A9686FD7 /* Pods_MovieApp_MovieAppUITests.framework in Frameworks */,
			);
			runOnlyForDeploymentPostprocessing = 0;
		};
/* End PBXFrameworksBuildPhase section */

/* Begin PBXGroup section */
		DF63AE28276DF516790993D2 /* Frameworks */ = {
			isa = PBXGroup;
			children = (
				26494C0FAA80090376994B4B /* Pods_MovieApp.framework */,
				2A0684ED64FC3926E346825B /* Pods_MovieApp_MovieAppUITests.framework */,
				93AA7B4AF1B8476192F1CC6F /* Pods_MovieAppTests.framework */,
			);
			name = Frameworks;
			sourceTree = "<group>";
		};
		E3235124D073295E5D2F9D44 /* Pods */ = {
			isa = PBXGroup;
			children = (
				328A68DB711283F7DC0EE187 /* Pods-MovieApp.debug.xcconfig */,
				07C8DDF7EAC077A4086C00CE /* Pods-MovieApp.release.xcconfig */,
				9D8DEB89C3DD98213CCA6D6E /* Pods-MovieApp-MovieAppUITests.debug.xcconfig */,
				1BAFDD201791862C91179732 /* Pods-MovieApp-MovieAppUITests.release.xcconfig */,
				6D69AA03C5773F894F14F7D4 /* Pods-MovieAppTests.debug.xcconfig */,
				7D6A1DFEBB4CC302E75FA4B9 /* Pods-MovieAppTests.release.xcconfig */,
			);
			path = Pods;
			sourceTree = "<group>";
		};
		E544FCF9282C3E78000971CD = {
			isa = PBXGroup;
			children = (
				E544FD04282C3E78000971CD /* MovieApp */,
				E544FD1E282C3E7A000971CD /* MovieAppTests */,
				E544FD28282C3E7A000971CD /* MovieAppUITests */,
				E544FD03282C3E78000971CD /* Products */,
				E3235124D073295E5D2F9D44 /* Pods */,
				DF63AE28276DF516790993D2 /* Frameworks */,
			);
			sourceTree = "<group>";
		};
		E544FD03282C3E78000971CD /* Products */ = {
			isa = PBXGroup;
			children = (
				E544FD02282C3E78000971CD /* MovieApp.app */,
				E544FD1B282C3E7A000971CD /* MovieAppTests.xctest */,
				E544FD25282C3E7A000971CD /* MovieAppUITests.xctest */,
			);
			name = Products;
			sourceTree = "<group>";
		};
		E544FD04282C3E78000971CD /* MovieApp */ = {
			isa = PBXGroup;
			children = (
				E544FD05282C3E78000971CD /* AppDelegate.swift */,
				E544FD07282C3E78000971CD /* SceneDelegate.swift */,
				E544FD3C282C4126000971CD /* LoginViewController.swift */,
				E51C92EF282CA66C00D53A4E /* ProfileViewController.swift */,
				E51C92DF282C757400D53A4E /* MainViewController.swift */,
				E51C92CF282C593C00D53A4E /* HomeStoryboard.storyboard */,
				E51C92ED282C929200D53A4E /* MovieView.storyboard */,
				E51C92EB282C926C00D53A4E /* FavoritesView.storyboard */,
				E51C92E9282C923F00D53A4E /* ProfileView.storyboard */,
				E51C92E7282C920C00D53A4E /* HomeView.storyboard */,
				E544FD0B282C3E78000971CD /* Main.storyboard */,
				E544FD13282C3E7A000971CD /* LaunchScreen.storyboard */,
				E544FD11282C3E7A000971CD /* Assets.xcassets */,
				E544FD16282C3E7A000971CD /* Info.plist */,
				E544FD38282C3EC5000971CD /* GoogleService-Info.plist */,
				E544FD0E282C3E78000971CD /* MovieApp.xcdatamodeld */,
			);
			path = MovieApp;
			sourceTree = "<group>";
		};
		E544FD1E282C3E7A000971CD /* MovieAppTests */ = {
			isa = PBXGroup;
			children = (
				E544FD1F282C3E7A000971CD /* MovieAppTests.swift */,
			);
			path = MovieAppTests;
			sourceTree = "<group>";
		};
		E544FD28282C3E7A000971CD /* MovieAppUITests */ = {
			isa = PBXGroup;
			children = (
				E544FD29282C3E7A000971CD /* MovieAppUITests.swift */,
				E544FD2B282C3E7A000971CD /* MovieAppUITestsLaunchTests.swift */,
			);
			path = MovieAppUITests;
			sourceTree = "<group>";
		};
/* End PBXGroup section */

/* Begin PBXNativeTarget section */
		E544FD01282C3E78000971CD /* MovieApp */ = {
			isa = PBXNativeTarget;
			buildConfigurationList = E544FD2F282C3E7A000971CD /* Build configuration list for PBXNativeTarget "MovieApp" */;
			buildPhases = (
				F778AC260DAC29F2CDF8AC84 /* [CP] Check Pods Manifest.lock */,
				E544FCFE282C3E78000971CD /* Sources */,
				E544FCFF282C3E78000971CD /* Frameworks */,
				E544FD00282C3E78000971CD /* Resources */,
				F2CD3AE905CF3F2F2498CC99 /* [CP] Embed Pods Frameworks */,
			);
			buildRules = (
			);
			dependencies = (
			);
			name = MovieApp;
			productName = MovieApp;
			productReference = E544FD02282C3E78000971CD /* MovieApp.app */;
			productType = "com.apple.product-type.application";
		};
		E544FD1A282C3E7A000971CD /* MovieAppTests */ = {
			isa = PBXNativeTarget;
			buildConfigurationList = E544FD32282C3E7A000971CD /* Build configuration list for PBXNativeTarget "MovieAppTests" */;
			buildPhases = (
				B9FE4C891F27D80AD89948A7 /* [CP] Check Pods Manifest.lock */,
				E544FD17282C3E7A000971CD /* Sources */,
				E544FD18282C3E7A000971CD /* Frameworks */,
				E544FD19282C3E7A000971CD /* Resources */,
			);
			buildRules = (
			);
			dependencies = (
				E544FD1D282C3E7A000971CD /* PBXTargetDependency */,
			);
			name = MovieAppTests;
			productName = MovieAppTests;
			productReference = E544FD1B282C3E7A000971CD /* MovieAppTests.xctest */;
			productType = "com.apple.product-type.bundle.unit-test";
		};
		E544FD24282C3E7A000971CD /* MovieAppUITests */ = {
			isa = PBXNativeTarget;
			buildConfigurationList = E544FD35282C3E7A000971CD /* Build configuration list for PBXNativeTarget "MovieAppUITests" */;
			buildPhases = (
				06206242C36B6BC84AE0F07F /* [CP] Check Pods Manifest.lock */,
				E544FD21282C3E7A000971CD /* Sources */,
				E544FD22282C3E7A000971CD /* Frameworks */,
				E544FD23282C3E7A000971CD /* Resources */,
				E2F508BA20C563741F7AEC53 /* [CP] Embed Pods Frameworks */,
			);
			buildRules = (
			);
			dependencies = (
				E544FD27282C3E7A000971CD /* PBXTargetDependency */,
			);
			name = MovieAppUITests;
			productName = MovieAppUITests;
			productReference = E544FD25282C3E7A000971CD /* MovieAppUITests.xctest */;
			productType = "com.apple.product-type.bundle.ui-testing";
		};
/* End PBXNativeTarget section */

/* Begin PBXProject section */
		E544FCFA282C3E78000971CD /* Project object */ = {
			isa = PBXProject;
			attributes = {
				BuildIndependentTargetsInParallel = 1;
				LastSwiftUpdateCheck = 1330;
				LastUpgradeCheck = 1330;
				TargetAttributes = {
					E544FD01282C3E78000971CD = {
						CreatedOnToolsVersion = 13.3.1;
					};
					E544FD1A282C3E7A000971CD = {
						CreatedOnToolsVersion = 13.3.1;
						TestTargetID = E544FD01282C3E78000971CD;
					};
					E544FD24282C3E7A000971CD = {
						CreatedOnToolsVersion = 13.3.1;
						TestTargetID = E544FD01282C3E78000971CD;
					};
				};
			};
			buildConfigurationList = E544FCFD282C3E78000971CD /* Build configuration list for PBXProject "MovieApp" */;
			compatibilityVersion = "Xcode 13.0";
			developmentRegion = en;
			hasScannedForEncodings = 0;
			knownRegions = (
				en,
				Base,
			);
			mainGroup = E544FCF9282C3E78000971CD;
			productRefGroup = E544FD03282C3E78000971CD /* Products */;
			projectDirPath = "";
			projectRoot = "";
			targets = (
				E544FD01282C3E78000971CD /* MovieApp */,
				E544FD1A282C3E7A000971CD /* MovieAppTests */,
				E544FD24282C3E7A000971CD /* MovieAppUITests */,
			);
		};
/* End PBXProject section */

/* Begin PBXResourcesBuildPhase section */
		E544FD00282C3E78000971CD /* Resources */ = {
			isa = PBXResourcesBuildPhase;
			buildActionMask = 2147483647;
			files = (
				E51C92E8282C920C00D53A4E /* HomeView.storyboard in Resources */,
				E544FD15282C3E7A000971CD /* LaunchScreen.storyboard in Resources */,
				E51C92EE282C929200D53A4E /* MovieView.storyboard in Resources */,
				E544FD39282C3EC5000971CD /* GoogleService-Info.plist in Resources */,
				E544FD12282C3E7A000971CD /* Assets.xcassets in Resources */,
				E51C92EA282C923F00D53A4E /* ProfileView.storyboard in Resources */,
				E51C92EC282C926C00D53A4E /* FavoritesView.storyboard in Resources */,
				E544FD0D282C3E78000971CD /* Main.storyboard in Resources */,
				E51C92D0282C593C00D53A4E /* HomeStoryboard.storyboard in Resources */,
			);
			runOnlyForDeploymentPostprocessing = 0;
		};
		E544FD19282C3E7A000971CD /* Resources */ = {
			isa = PBXResourcesBuildPhase;
			buildActionMask = 2147483647;
			files = (
				E544FD3A282C3EC5000971CD /* GoogleService-Info.plist in Resources */,
			);
			runOnlyForDeploymentPostprocessing = 0;
		};
		E544FD23282C3E7A000971CD /* Resources */ = {
			isa = PBXResourcesBuildPhase;
			buildActionMask = 2147483647;
			files = (
				E544FD3B282C3EC5000971CD /* GoogleService-Info.plist in Resources */,
			);
			runOnlyForDeploymentPostprocessing = 0;
		};
/* End PBXResourcesBuildPhase section */

/* Begin PBXShellScriptBuildPhase section */
		06206242C36B6BC84AE0F07F /* [CP] Check Pods Manifest.lock */ = {
			isa = PBXShellScriptBuildPhase;
			buildActionMask = 2147483647;
			files = (
			);
			inputFileListPaths = (
			);
			inputPaths = (
				"${PODS_PODFILE_DIR_PATH}/Podfile.lock",
				"${PODS_ROOT}/Manifest.lock",
			);
			name = "[CP] Check Pods Manifest.lock";
			outputFileListPaths = (
			);
			outputPaths = (
				"$(DERIVED_FILE_DIR)/Pods-MovieApp-MovieAppUITests-checkManifestLockResult.txt",
			);
			runOnlyForDeploymentPostprocessing = 0;
			shellPath = /bin/sh;
			shellScript = "diff \"${PODS_PODFILE_DIR_PATH}/Podfile.lock\" \"${PODS_ROOT}/Manifest.lock\" > /dev/null\nif [ $? != 0 ] ; then\n    # print error to STDERR\n    echo \"error: The sandbox is not in sync with the Podfile.lock. Run 'pod install' or update your CocoaPods installation.\" >&2\n    exit 1\nfi\n# This output is used by Xcode 'outputs' to avoid re-running this script phase.\necho \"SUCCESS\" > \"${SCRIPT_OUTPUT_FILE_0}\"\n";
			showEnvVarsInLog = 0;
		};
		B9FE4C891F27D80AD89948A7 /* [CP] Check Pods Manifest.lock */ = {
			isa = PBXShellScriptBuildPhase;
			buildActionMask = 2147483647;
			files = (
			);
			inputFileListPaths = (
			);
			inputPaths = (
				"${PODS_PODFILE_DIR_PATH}/Podfile.lock",
				"${PODS_ROOT}/Manifest.lock",
			);
			name = "[CP] Check Pods Manifest.lock";
			outputFileListPaths = (
			);
			outputPaths = (
				"$(DERIVED_FILE_DIR)/Pods-MovieAppTests-checkManifestLockResult.txt",
			);
			runOnlyForDeploymentPostprocessing = 0;
			shellPath = /bin/sh;
			shellScript = "diff \"${PODS_PODFILE_DIR_PATH}/Podfile.lock\" \"${PODS_ROOT}/Manifest.lock\" > /dev/null\nif [ $? != 0 ] ; then\n    # print error to STDERR\n    echo \"error: The sandbox is not in sync with the Podfile.lock. Run 'pod install' or update your CocoaPods installation.\" >&2\n    exit 1\nfi\n# This output is used by Xcode 'outputs' to avoid re-running this script phase.\necho \"SUCCESS\" > \"${SCRIPT_OUTPUT_FILE_0}\"\n";
			showEnvVarsInLog = 0;
		};
		E2F508BA20C563741F7AEC53 /* [CP] Embed Pods Frameworks */ = {
			isa = PBXShellScriptBuildPhase;
			buildActionMask = 2147483647;
			files = (
			);
			inputFileListPaths = (
				"${PODS_ROOT}/Target Support Files/Pods-MovieApp-MovieAppUITests/Pods-MovieApp-MovieAppUITests-frameworks-${CONFIGURATION}-input-files.xcfilelist",
			);
			name = "[CP] Embed Pods Frameworks";
			outputFileListPaths = (
				"${PODS_ROOT}/Target Support Files/Pods-MovieApp-MovieAppUITests/Pods-MovieApp-MovieAppUITests-frameworks-${CONFIGURATION}-output-files.xcfilelist",
			);
			runOnlyForDeploymentPostprocessing = 0;
			shellPath = /bin/sh;
			shellScript = "\"${PODS_ROOT}/Target Support Files/Pods-MovieApp-MovieAppUITests/Pods-MovieApp-MovieAppUITests-frameworks.sh\"\n";
			showEnvVarsInLog = 0;
		};
		F2CD3AE905CF3F2F2498CC99 /* [CP] Embed Pods Frameworks */ = {
			isa = PBXShellScriptBuildPhase;
			buildActionMask = 2147483647;
			files = (
			);
			inputFileListPaths = (
				"${PODS_ROOT}/Target Support Files/Pods-MovieApp/Pods-MovieApp-frameworks-${CONFIGURATION}-input-files.xcfilelist",
			);
			name = "[CP] Embed Pods Frameworks";
			outputFileListPaths = (
				"${PODS_ROOT}/Target Support Files/Pods-MovieApp/Pods-MovieApp-frameworks-${CONFIGURATION}-output-files.xcfilelist",
			);
			runOnlyForDeploymentPostprocessing = 0;
			shellPath = /bin/sh;
			shellScript = "\"${PODS_ROOT}/Target Support Files/Pods-MovieApp/Pods-MovieApp-frameworks.sh\"\n";
			showEnvVarsInLog = 0;
		};
		F778AC260DAC29F2CDF8AC84 /* [CP] Check Pods Manifest.lock */ = {
			isa = PBXShellScriptBuildPhase;
			buildActionMask = 2147483647;
			files = (
			);
			inputFileListPaths = (
			);
			inputPaths = (
				"${PODS_PODFILE_DIR_PATH}/Podfile.lock",
				"${PODS_ROOT}/Manifest.lock",
			);
			name = "[CP] Check Pods Manifest.lock";
			outputFileListPaths = (
			);
			outputPaths = (
				"$(DERIVED_FILE_DIR)/Pods-MovieApp-checkManifestLockResult.txt",
			);
			runOnlyForDeploymentPostprocessing = 0;
			shellPath = /bin/sh;
			shellScript = "diff \"${PODS_PODFILE_DIR_PATH}/Podfile.lock\" \"${PODS_ROOT}/Manifest.lock\" > /dev/null\nif [ $? != 0 ] ; then\n    # print error to STDERR\n    echo \"error: The sandbox is not in sync with the Podfile.lock. Run 'pod install' or update your CocoaPods installation.\" >&2\n    exit 1\nfi\n# This output is used by Xcode 'outputs' to avoid re-running this script phase.\necho \"SUCCESS\" > \"${SCRIPT_OUTPUT_FILE_0}\"\n";
			showEnvVarsInLog = 0;
		};
/* End PBXShellScriptBuildPhase section */

/* Begin PBXSourcesBuildPhase section */
		E544FCFE282C3E78000971CD /* Sources */ = {
			isa = PBXSourcesBuildPhase;
			buildActionMask = 2147483647;
			files = (
				E51C92F0282CA66C00D53A4E /* ProfileViewController.swift in Sources */,
				E51C92E0282C757400D53A4E /* MainViewController.swift in Sources */,
				E544FD06282C3E78000971CD /* AppDelegate.swift in Sources */,
				E544FD10282C3E78000971CD /* MovieApp.xcdatamodeld in Sources */,
				E544FD3D282C4126000971CD /* LoginViewController.swift in Sources */,
				E544FD08282C3E78000971CD /* SceneDelegate.swift in Sources */,
			);
			runOnlyForDeploymentPostprocessing = 0;
		};
		E544FD17282C3E7A000971CD /* Sources */ = {
			isa = PBXSourcesBuildPhase;
			buildActionMask = 2147483647;
			files = (
				E544FD3E282C4126000971CD /* LoginViewController.swift in Sources */,
				E544FD20282C3E7A000971CD /* MovieAppTests.swift in Sources */,
			);
			runOnlyForDeploymentPostprocessing = 0;
		};
		E544FD21282C3E7A000971CD /* Sources */ = {
			isa = PBXSourcesBuildPhase;
			buildActionMask = 2147483647;
			files = (
				E544FD3F282C4126000971CD /* LoginViewController.swift in Sources */,
				E544FD2C282C3E7A000971CD /* MovieAppUITestsLaunchTests.swift in Sources */,
				E544FD2A282C3E7A000971CD /* MovieAppUITests.swift in Sources */,
			);
			runOnlyForDeploymentPostprocessing = 0;
		};
/* End PBXSourcesBuildPhase section */

/* Begin PBXTargetDependency section */
		E544FD1D282C3E7A000971CD /* PBXTargetDependency */ = {
			isa = PBXTargetDependency;
			target = E544FD01282C3E78000971CD /* MovieApp */;
			targetProxy = E544FD1C282C3E7A000971CD /* PBXContainerItemProxy */;
		};
		E544FD27282C3E7A000971CD /* PBXTargetDependency */ = {
			isa = PBXTargetDependency;
			target = E544FD01282C3E78000971CD /* MovieApp */;
			targetProxy = E544FD26282C3E7A000971CD /* PBXContainerItemProxy */;
		};
/* End PBXTargetDependency section */

/* Begin PBXVariantGroup section */
		E544FD0B282C3E78000971CD /* Main.storyboard */ = {
			isa = PBXVariantGroup;
			children = (
				E544FD0C282C3E78000971CD /* Base */,
			);
			name = Main.storyboard;
			sourceTree = "<group>";
		};
		E544FD13282C3E7A000971CD /* LaunchScreen.storyboard */ = {
			isa = PBXVariantGroup;
			children = (
				E544FD14282C3E7A000971CD /* Base */,
			);
			name = LaunchScreen.storyboard;
			sourceTree = "<group>";
		};
/* End PBXVariantGroup section */

/* Begin XCBuildConfiguration section */
		E544FD2D282C3E7A000971CD /* Debug */ = {
			isa = XCBuildConfiguration;
			buildSettings = {
				ALWAYS_SEARCH_USER_PATHS = NO;
				CLANG_ANALYZER_NONNULL = YES;
				CLANG_ANALYZER_NUMBER_OBJECT_CONVERSION = YES_AGGRESSIVE;
				CLANG_CXX_LANGUAGE_STANDARD = "gnu++17";
				CLANG_ENABLE_MODULES = YES;
				CLANG_ENABLE_OBJC_ARC = YES;
				CLANG_ENABLE_OBJC_WEAK = YES;
				CLANG_WARN_BLOCK_CAPTURE_AUTORELEASING = YES;
				CLANG_WARN_BOOL_CONVERSION = YES;
				CLANG_WARN_COMMA = YES;
				CLANG_WARN_CONSTANT_CONVERSION = YES;
				CLANG_WARN_DEPRECATED_OBJC_IMPLEMENTATIONS = YES;
				CLANG_WARN_DIRECT_OBJC_ISA_USAGE = YES_ERROR;
				CLANG_WARN_DOCUMENTATION_COMMENTS = YES;
				CLANG_WARN_EMPTY_BODY = YES;
				CLANG_WARN_ENUM_CONVERSION = YES;
				CLANG_WARN_INFINITE_RECURSION = YES;
				CLANG_WARN_INT_CONVERSION = YES;
				CLANG_WARN_NON_LITERAL_NULL_CONVERSION = YES;
				CLANG_WARN_OBJC_IMPLICIT_RETAIN_SELF = YES;
				CLANG_WARN_OBJC_LITERAL_CONVERSION = YES;
				CLANG_WARN_OBJC_ROOT_CLASS = YES_ERROR;
				CLANG_WARN_QUOTED_INCLUDE_IN_FRAMEWORK_HEADER = YES;
				CLANG_WARN_RANGE_LOOP_ANALYSIS = YES;
				CLANG_WARN_STRICT_PROTOTYPES = YES;
				CLANG_WARN_SUSPICIOUS_MOVE = YES;
				CLANG_WARN_UNGUARDED_AVAILABILITY = YES_AGGRESSIVE;
				CLANG_WARN_UNREACHABLE_CODE = YES;
				CLANG_WARN__DUPLICATE_METHOD_MATCH = YES;
				COPY_PHASE_STRIP = NO;
				DEBUG_INFORMATION_FORMAT = dwarf;
				ENABLE_STRICT_OBJC_MSGSEND = YES;
				ENABLE_TESTABILITY = YES;
				GCC_C_LANGUAGE_STANDARD = gnu11;
				GCC_DYNAMIC_NO_PIC = NO;
				GCC_NO_COMMON_BLOCKS = YES;
				GCC_OPTIMIZATION_LEVEL = 0;
				GCC_PREPROCESSOR_DEFINITIONS = (
					"DEBUG=1",
					"$(inherited)",
				);
				GCC_WARN_64_TO_32_BIT_CONVERSION = YES;
				GCC_WARN_ABOUT_RETURN_TYPE = YES_ERROR;
				GCC_WARN_UNDECLARED_SELECTOR = YES;
				GCC_WARN_UNINITIALIZED_AUTOS = YES_AGGRESSIVE;
				GCC_WARN_UNUSED_FUNCTION = YES;
				GCC_WARN_UNUSED_VARIABLE = YES;
				IPHONEOS_DEPLOYMENT_TARGET = 15.4;
				MTL_ENABLE_DEBUG_INFO = INCLUDE_SOURCE;
				MTL_FAST_MATH = YES;
				ONLY_ACTIVE_ARCH = YES;
				SDKROOT = iphoneos;
				SWIFT_ACTIVE_COMPILATION_CONDITIONS = DEBUG;
				SWIFT_OPTIMIZATION_LEVEL = "-Onone";
			};
			name = Debug;
		};
		E544FD2E282C3E7A000971CD /* Release */ = {
			isa = XCBuildConfiguration;
			buildSettings = {
				ALWAYS_SEARCH_USER_PATHS = NO;
				CLANG_ANALYZER_NONNULL = YES;
				CLANG_ANALYZER_NUMBER_OBJECT_CONVERSION = YES_AGGRESSIVE;
				CLANG_CXX_LANGUAGE_STANDARD = "gnu++17";
				CLANG_ENABLE_MODULES = YES;
				CLANG_ENABLE_OBJC_ARC = YES;
				CLANG_ENABLE_OBJC_WEAK = YES;
				CLANG_WARN_BLOCK_CAPTURE_AUTORELEASING = YES;
				CLANG_WARN_BOOL_CONVERSION = YES;
				CLANG_WARN_COMMA = YES;
				CLANG_WARN_CONSTANT_CONVERSION = YES;
				CLANG_WARN_DEPRECATED_OBJC_IMPLEMENTATIONS = YES;
				CLANG_WARN_DIRECT_OBJC_ISA_USAGE = YES_ERROR;
				CLANG_WARN_DOCUMENTATION_COMMENTS = YES;
				CLANG_WARN_EMPTY_BODY = YES;
				CLANG_WARN_ENUM_CONVERSION = YES;
				CLANG_WARN_INFINITE_RECURSION = YES;
				CLANG_WARN_INT_CONVERSION = YES;
				CLANG_WARN_NON_LITERAL_NULL_CONVERSION = YES;
				CLANG_WARN_OBJC_IMPLICIT_RETAIN_SELF = YES;
				CLANG_WARN_OBJC_LITERAL_CONVERSION = YES;
				CLANG_WARN_OBJC_ROOT_CLASS = YES_ERROR;
				CLANG_WARN_QUOTED_INCLUDE_IN_FRAMEWORK_HEADER = YES;
				CLANG_WARN_RANGE_LOOP_ANALYSIS = YES;
				CLANG_WARN_STRICT_PROTOTYPES = YES;
				CLANG_WARN_SUSPICIOUS_MOVE = YES;
				CLANG_WARN_UNGUARDED_AVAILABILITY = YES_AGGRESSIVE;
				CLANG_WARN_UNREACHABLE_CODE = YES;
				CLANG_WARN__DUPLICATE_METHOD_MATCH = YES;
				COPY_PHASE_STRIP = NO;
				DEBUG_INFORMATION_FORMAT = "dwarf-with-dsym";
				ENABLE_NS_ASSERTIONS = NO;
				ENABLE_STRICT_OBJC_MSGSEND = YES;
				GCC_C_LANGUAGE_STANDARD = gnu11;
				GCC_NO_COMMON_BLOCKS = YES;
				GCC_WARN_64_TO_32_BIT_CONVERSION = YES;
				GCC_WARN_ABOUT_RETURN_TYPE = YES_ERROR;
				GCC_WARN_UNDECLARED_SELECTOR = YES;
				GCC_WARN_UNINITIALIZED_AUTOS = YES_AGGRESSIVE;
				GCC_WARN_UNUSED_FUNCTION = YES;
				GCC_WARN_UNUSED_VARIABLE = YES;
				IPHONEOS_DEPLOYMENT_TARGET = 15.4;
				MTL_ENABLE_DEBUG_INFO = NO;
				MTL_FAST_MATH = YES;
				SDKROOT = iphoneos;
				SWIFT_COMPILATION_MODE = wholemodule;
				SWIFT_OPTIMIZATION_LEVEL = "-O";
				VALIDATE_PRODUCT = YES;
			};
			name = Release;
		};
		E544FD30282C3E7A000971CD /* Debug */ = {
			isa = XCBuildConfiguration;
			baseConfigurationReference = 328A68DB711283F7DC0EE187 /* Pods-MovieApp.debug.xcconfig */;
			buildSettings = {
				ASSETCATALOG_COMPILER_APPICON_NAME = AppIcon;
				ASSETCATALOG_COMPILER_GLOBAL_ACCENT_COLOR_NAME = AccentColor;
				CODE_SIGN_STYLE = Automatic;
				CURRENT_PROJECT_VERSION = 1;
				DEVELOPMENT_TEAM = BKCYZ884PA;
				GENERATE_INFOPLIST_FILE = YES;
				INFOPLIST_FILE = MovieApp/Info.plist;
				INFOPLIST_KEY_UIApplicationSupportsIndirectInputEvents = YES;
				INFOPLIST_KEY_UILaunchStoryboardName = LaunchScreen;
				INFOPLIST_KEY_UIMainStoryboardFile = Main;
				INFOPLIST_KEY_UISupportedInterfaceOrientations_iPad = "UIInterfaceOrientationPortrait UIInterfaceOrientationPortraitUpsideDown UIInterfaceOrientationLandscapeLeft UIInterfaceOrientationLandscapeRight";
				INFOPLIST_KEY_UISupportedInterfaceOrientations_iPhone = "UIInterfaceOrientationPortrait UIInterfaceOrientationLandscapeLeft UIInterfaceOrientationLandscapeRight";
				LD_RUNPATH_SEARCH_PATHS = (
					"$(inherited)",
					"@executable_path/Frameworks",
				);
				MARKETING_VERSION = 1.0;
				PRODUCT_BUNDLE_IDENTIFIER = com.Jesus.MovieApp;
				PRODUCT_NAME = "$(TARGET_NAME)";
				SWIFT_EMIT_LOC_STRINGS = YES;
				SWIFT_VERSION = 5.0;
				TARGETED_DEVICE_FAMILY = "1,2";
			};
			name = Debug;
		};
		E544FD31282C3E7A000971CD /* Release */ = {
			isa = XCBuildConfiguration;
			baseConfigurationReference = 07C8DDF7EAC077A4086C00CE /* Pods-MovieApp.release.xcconfig */;
			buildSettings = {
				ASSETCATALOG_COMPILER_APPICON_NAME = AppIcon;
				ASSETCATALOG_COMPILER_GLOBAL_ACCENT_COLOR_NAME = AccentColor;
				CODE_SIGN_STYLE = Automatic;
				CURRENT_PROJECT_VERSION = 1;
				DEVELOPMENT_TEAM = BKCYZ884PA;
				GENERATE_INFOPLIST_FILE = YES;
				INFOPLIST_FILE = MovieApp/Info.plist;
				INFOPLIST_KEY_UIApplicationSupportsIndirectInputEvents = YES;
				INFOPLIST_KEY_UILaunchStoryboardName = LaunchScreen;
				INFOPLIST_KEY_UIMainStoryboardFile = Main;
				INFOPLIST_KEY_UISupportedInterfaceOrientations_iPad = "UIInterfaceOrientationPortrait UIInterfaceOrientationPortraitUpsideDown UIInterfaceOrientationLandscapeLeft UIInterfaceOrientationLandscapeRight";
				INFOPLIST_KEY_UISupportedInterfaceOrientations_iPhone = "UIInterfaceOrientationPortrait UIInterfaceOrientationLandscapeLeft UIInterfaceOrientationLandscapeRight";
				LD_RUNPATH_SEARCH_PATHS = (
					"$(inherited)",
					"@executable_path/Frameworks",
				);
				MARKETING_VERSION = 1.0;
				PRODUCT_BUNDLE_IDENTIFIER = com.Jesus.MovieApp;
				PRODUCT_NAME = "$(TARGET_NAME)";
				SWIFT_EMIT_LOC_STRINGS = YES;
				SWIFT_VERSION = 5.0;
				TARGETED_DEVICE_FAMILY = "1,2";
			};
			name = Release;
		};
		E544FD33282C3E7A000971CD /* Debug */ = {
			isa = XCBuildConfiguration;
			baseConfigurationReference = 6D69AA03C5773F894F14F7D4 /* Pods-MovieAppTests.debug.xcconfig */;
			buildSettings = {
				ALWAYS_EMBED_SWIFT_STANDARD_LIBRARIES = YES;
				BUNDLE_LOADER = "$(TEST_HOST)";
				CODE_SIGN_STYLE = Automatic;
				CURRENT_PROJECT_VERSION = 1;
				DEVELOPMENT_TEAM = BKCYZ884PA;
				GENERATE_INFOPLIST_FILE = YES;
				IPHONEOS_DEPLOYMENT_TARGET = 15.4;
				MARKETING_VERSION = 1.0;
				PRODUCT_BUNDLE_IDENTIFIER = com.Jesus.MovieAppTests;
				PRODUCT_NAME = "$(TARGET_NAME)";
				SWIFT_EMIT_LOC_STRINGS = NO;
				SWIFT_VERSION = 5.0;
				TARGETED_DEVICE_FAMILY = "1,2";
				TEST_HOST = "$(BUILT_PRODUCTS_DIR)/MovieApp.app/MovieApp";
			};
			name = Debug;
		};
		E544FD34282C3E7A000971CD /* Release */ = {
			isa = XCBuildConfiguration;
			baseConfigurationReference = 7D6A1DFEBB4CC302E75FA4B9 /* Pods-MovieAppTests.release.xcconfig */;
			buildSettings = {
				ALWAYS_EMBED_SWIFT_STANDARD_LIBRARIES = YES;
				BUNDLE_LOADER = "$(TEST_HOST)";
				CODE_SIGN_STYLE = Automatic;
				CURRENT_PROJECT_VERSION = 1;
				DEVELOPMENT_TEAM = BKCYZ884PA;
				GENERATE_INFOPLIST_FILE = YES;
				IPHONEOS_DEPLOYMENT_TARGET = 15.4;
				MARKETING_VERSION = 1.0;
				PRODUCT_BUNDLE_IDENTIFIER = com.Jesus.MovieAppTests;
				PRODUCT_NAME = "$(TARGET_NAME)";
				SWIFT_EMIT_LOC_STRINGS = NO;
				SWIFT_VERSION = 5.0;
				TARGETED_DEVICE_FAMILY = "1,2";
				TEST_HOST = "$(BUILT_PRODUCTS_DIR)/MovieApp.app/MovieApp";
			};
			name = Release;
		};
		E544FD36282C3E7A000971CD /* Debug */ = {
			isa = XCBuildConfiguration;
			baseConfigurationReference = 9D8DEB89C3DD98213CCA6D6E /* Pods-MovieApp-MovieAppUITests.debug.xcconfig */;
			buildSettings = {
				ALWAYS_EMBED_SWIFT_STANDARD_LIBRARIES = YES;
				CODE_SIGN_STYLE = Automatic;
				CURRENT_PROJECT_VERSION = 1;
				DEVELOPMENT_TEAM = BKCYZ884PA;
				GENERATE_INFOPLIST_FILE = YES;
				MARKETING_VERSION = 1.0;
				PRODUCT_BUNDLE_IDENTIFIER = com.Jesus.MovieAppUITests;
				PRODUCT_NAME = "$(TARGET_NAME)";
				SWIFT_EMIT_LOC_STRINGS = NO;
				SWIFT_VERSION = 5.0;
				TARGETED_DEVICE_FAMILY = "1,2";
				TEST_TARGET_NAME = MovieApp;
			};
			name = Debug;
		};
		E544FD37282C3E7A000971CD /* Release */ = {
			isa = XCBuildConfiguration;
			baseConfigurationReference = 1BAFDD201791862C91179732 /* Pods-MovieApp-MovieAppUITests.release.xcconfig */;
			buildSettings = {
				ALWAYS_EMBED_SWIFT_STANDARD_LIBRARIES = YES;
				CODE_SIGN_STYLE = Automatic;
				CURRENT_PROJECT_VERSION = 1;
				DEVELOPMENT_TEAM = BKCYZ884PA;
				GENERATE_INFOPLIST_FILE = YES;
				MARKETING_VERSION = 1.0;
				PRODUCT_BUNDLE_IDENTIFIER = com.Jesus.MovieAppUITests;
				PRODUCT_NAME = "$(TARGET_NAME)";
				SWIFT_EMIT_LOC_STRINGS = NO;
				SWIFT_VERSION = 5.0;
				TARGETED_DEVICE_FAMILY = "1,2";
				TEST_TARGET_NAME = MovieApp;
			};
			name = Release;
		};
/* End XCBuildConfiguration section */

/* Begin XCConfigurationList section */
		E544FCFD282C3E78000971CD /* Build configuration list for PBXProject "MovieApp" */ = {
			isa = XCConfigurationList;
			buildConfigurations = (
				E544FD2D282C3E7A000971CD /* Debug */,
				E544FD2E282C3E7A000971CD /* Release */,
			);
			defaultConfigurationIsVisible = 0;
			defaultConfigurationName = Release;
		};
		E544FD2F282C3E7A000971CD /* Build configuration list for PBXNativeTarget "MovieApp" */ = {
			isa = XCConfigurationList;
			buildConfigurations = (
				E544FD30282C3E7A000971CD /* Debug */,
				E544FD31282C3E7A000971CD /* Release */,
			);
			defaultConfigurationIsVisible = 0;
			defaultConfigurationName = Release;
		};
		E544FD32282C3E7A000971CD /* Build configuration list for PBXNativeTarget "MovieAppTests" */ = {
			isa = XCConfigurationList;
			buildConfigurations = (
				E544FD33282C3E7A000971CD /* Debug */,
				E544FD34282C3E7A000971CD /* Release */,
			);
			defaultConfigurationIsVisible = 0;
			defaultConfigurationName = Release;
		};
		E544FD35282C3E7A000971CD /* Build configuration list for PBXNativeTarget "MovieAppUITests" */ = {
			isa = XCConfigurationList;
			buildConfigurations = (
				E544FD36282C3E7A000971CD /* Debug */,
				E544FD37282C3E7A000971CD /* Release */,
			);
			defaultConfigurationIsVisible = 0;
			defaultConfigurationName = Release;
		};
/* End XCConfigurationList section */

/* Begin XCVersionGroup section */
		E544FD0E282C3E78000971CD /* MovieApp.xcdatamodeld */ = {
			isa = XCVersionGroup;
			children = (
				E544FD0F282C3E78000971CD /* MovieApp.xcdatamodel */,
			);
			currentVersion = E544FD0F282C3E78000971CD /* MovieApp.xcdatamodel */;
			path = MovieApp.xcdatamodeld;
			sourceTree = "<group>";
			versionGroupType = wrapper.xcdatamodel;
		};
/* End XCVersionGroup section */
	};
	rootObject = E544FCFA282C3E78000971CD /* Project object */;
}
